
Microsoft Visual Studio Solution File, Format Version 12.00
# Visual Studio Version 17
VisualStudioVersion = 17.14.36705.20 d17.14
MinimumVisualStudioVersion = 10.0.40219.1
Project("{2150E333-8FDC-42A3-9474-1A3956D46DE8}") = "src", "src", "{6C83A596-D32D-B35F-00DD-F0C99B673980}"
EndProject
Project("{FAE04EC0-301F-11D3-BF4B-00C04F79EFBC}") = "BankAccountManager.Domain", "src\BankAccountManager.Domain\BankAccountManager.Domain.csproj", "{AA508CC2-7702-44BB-8DFA-DE037DCEFC64}"
EndProject
Global
	GlobalSection(SolutionConfigurationPlatforms) = preSolution
		Debug|Any CPU = Debug|Any CPU
		Release|Any CPU = Release|Any CPU
	EndGlobalSection
	GlobalSection(ProjectConfigurationPlatforms) = postSolution
		{AA508CC2-7702-44BB-8DFA-DE037DCEFC64}.Debug|Any CPU.ActiveCfg = Debug|Any CPU
		{AA508CC2-7702-44BB-8DFA-DE037DCEFC64}.Debug|Any CPU.Build.0 = Debug|Any CPU
		{AA508CC2-7702-44BB-8DFA-DE037DCEFC64}.Release|Any CPU.ActiveCfg = Release|Any CPU
		{AA508CC2-7702-44BB-8DFA-DE037DCEFC64}.Release|Any CPU.Build.0 = Release|Any CPU
	EndGlobalSection
	GlobalSection(SolutionProperties) = preSolution
		HideSolutionNode = FALSE
	EndGlobalSection
	GlobalSection(NestedProjects) = preSolution
		{AA508CC2-7702-44BB-8DFA-DE037DCEFC64} = {6C83A596-D32D-B35F-00DD-F0C99B673980}
	EndGlobalSection
	GlobalSection(ExtensibilityGlobals) = postSolution
		SolutionGuid = {35EA2CE6-E70A-4BB0-9D3C-A178DDF78490}
	EndGlobalSection
EndGlobal
